{
  "name": "selenium-test-allure-showcase",
  "version": "1.0.0",
  "lockfileVersion": 3,
  "requires": true,
  "packages": {
    "": {
      "name": "selenium-test-allure-showcase",
      "version": "1.0.0",
      "license": "MIT",
      "devDependencies": {
        "allure-commandline": "^2.31.0"
      },
      "engines": {
        "node": ">=18"
      }
    },
    "node_modules/allure-commandline": {
      "version": "2.37.0",
      "resolved": "https://registry.npmjs.org/allure-commandline/-/allure-commandline-2.37.0.tgz",
      "integrity": "sha512-s3zZ8zjqo2U3i5Lb3iLOCjwWQCtGK58GVpScTnZddOpgTXBDXAbXn+pT7QXN4NiY7pho6xw+UgyREyCRnx/9ug==",
      "dev": true,
      "license": "Apache-2.0",
      "bin": {
        "allure": "bin/allure"
      }
    }
  }
}
